
Microsoft Visual Studio Solution File, Format Version 12.00
# Visual Studio Version 17
VisualStudioVersion = 17.0.32112.339
MinimumVisualStudioVersion = 10.0.40219.1
Project("{FAE04EC0-301F-11D3-BF4B-00C04F79EFBC}") = "Steam Games Branch Manager", "Steam Games Branch Manager.csproj", "{34AAD1A8-130C-4AED-BE1B-97FC9EAC2F31}"
EndProject
Global
	GlobalSection(SolutionConfigurationPlatforms) = preSolution
		Debug|Any CPU = Debug|Any CPU
		Release|Any CPU = Release|Any CPU
	EndGlobalSection
	GlobalSection(ProjectConfigurationPlatforms) = postSolution
		{34AAD1A8-130C-4AED-BE1B-97FC9EAC2F31}.Debug|Any CPU.ActiveCfg = Debug|Any CPU
		{34AAD1A8-130C-4AED-BE1B-97FC9EAC2F31}.Debug|Any CPU.Build.0 = Debug|Any CPU
		{34AAD1A8-130C-4AED-BE1B-97FC9EAC2F31}.Release|Any CPU.ActiveCfg = Release|Any CPU
		{34AAD1A8-130C-4AED-BE1B-97FC9EAC2F31}.Release|Any CPU.Build.0 = Release|Any CPU
	EndGlobalSection
	GlobalSection(SolutionProperties) = preSolution
		HideSolutionNode = FALSE
	EndGlobalSection
	GlobalSection(ExtensibilityGlobals) = postSolution
		SolutionGuid = {13453665-4991-4E0E-96AA-A5B229C2FF00}
	EndGlobalSection
EndGlobal
